
Microsoft Visual Studio Solution File, Format Version 12.00
# Visual Studio Version 16
VisualStudioVersion = 16.0.31129.286
MinimumVisualStudioVersion = 10.0.40219.1
Project("{FAE04EC0-301F-11D3-BF4B-00C04F79EFBC}") = "MegaMenu", "MegaMenu\MegaMenu.csproj", "{CE5A2A4A-B083-4B93-869F-1DA940491ED2}"
EndProject
Global
	GlobalSection(SolutionConfigurationPlatforms) = preSolution
		Debug|Any CPU = Debug|Any CPU
		Release|Any CPU = Release|Any CPU
	EndGlobalSection
	GlobalSection(ProjectConfigurationPlatforms) = postSolution
		{CE5A2A4A-B083-4B93-869F-1DA940491ED2}.Debug|Any CPU.ActiveCfg = Debug|Any CPU
		{CE5A2A4A-B083-4B93-869F-1DA940491ED2}.Debug|Any CPU.Build.0 = Debug|Any CPU
		{CE5A2A4A-B083-4B93-869F-1DA940491ED2}.Release|Any CPU.ActiveCfg = Release|Any CPU
		{CE5A2A4A-B083-4B93-869F-1DA940491ED2}.Release|Any CPU.Build.0 = Release|Any CPU
	EndGlobalSection
	GlobalSection(SolutionProperties) = preSolution
		HideSolutionNode = FALSE
	EndGlobalSection
	GlobalSection(ExtensibilityGlobals) = postSolution
		SolutionGuid = {52DC6723-E9AB-42F7-9531-1EF4216C0359}
	EndGlobalSection
EndGlobal
